
Microsoft Visual Studio Solution File, Format Version 12.00
# Visual Studio Version 17
VisualStudioVersion = 17.6.33723.286
MinimumVisualStudioVersion = 10.0.40219.1
Project("{9A19103F-16F7-4668-BE54-9A1E7A4F7556}") = "Con10", "Con10.csproj", "{340CA4EC-0E77-43C2-BC1E-3968B1D21EED}"
EndProject
Project("{FAE04EC0-301F-11D3-BF4B-00C04F79EFBC}") = "LibMenu", "..\LibMenu\LibMenu.csproj", "{EFDEA476-4CAB-4D34-AF3E-234775FCEE01}"
EndProject
Global
	GlobalSection(SolutionConfigurationPlatforms) = preSolution
		Debug|Any CPU = Debug|Any CPU
		Release|Any CPU = Release|Any CPU
	EndGlobalSection
	GlobalSection(ProjectConfigurationPlatforms) = postSolution
		{340CA4EC-0E77-43C2-BC1E-3968B1D21EED}.Debug|Any CPU.ActiveCfg = Debug|Any CPU
		{340CA4EC-0E77-43C2-BC1E-3968B1D21EED}.Debug|Any CPU.Build.0 = Debug|Any CPU
		{340CA4EC-0E77-43C2-BC1E-3968B1D21EED}.Release|Any CPU.ActiveCfg = Release|Any CPU
		{340CA4EC-0E77-43C2-BC1E-3968B1D21EED}.Release|Any CPU.Build.0 = Release|Any CPU
		{EFDEA476-4CAB-4D34-AF3E-234775FCEE01}.Debug|Any CPU.ActiveCfg = Debug|Any CPU
		{EFDEA476-4CAB-4D34-AF3E-234775FCEE01}.Debug|Any CPU.Build.0 = Debug|Any CPU
		{EFDEA476-4CAB-4D34-AF3E-234775FCEE01}.Release|Any CPU.ActiveCfg = Release|Any CPU
		{EFDEA476-4CAB-4D34-AF3E-234775FCEE01}.Release|Any CPU.Build.0 = Release|Any CPU
	EndGlobalSection
	GlobalSection(SolutionProperties) = preSolution
		HideSolutionNode = FALSE
	EndGlobalSection
	GlobalSection(ExtensibilityGlobals) = postSolution
		SolutionGuid = {DBC66212-1A89-4FA6-9AEE-17F0D35D5E36}
	EndGlobalSection
EndGlobal
